
Microsoft Visual Studio Solution File, Format Version 12.00
# Visual Studio Version 17
VisualStudioVersion = 17.8.34511.84
MinimumVisualStudioVersion = 10.0.40219.1
Project("{FAE04EC0-301F-11D3-BF4B-00C04F79EFBC}") = "AIConsole", "AIConsole.csproj", "{9D01A0E6-9E69-40A5-B2E7-970A516AD582}"
EndProject
Global
	GlobalSection(SolutionConfigurationPlatforms) = preSolution
		Debug|Any CPU = Debug|Any CPU
		Release|Any CPU = Release|Any CPU
	EndGlobalSection
	GlobalSection(ProjectConfigurationPlatforms) = postSolution
		{9D01A0E6-9E69-40A5-B2E7-970A516AD582}.Debug|Any CPU.ActiveCfg = Debug|Any CPU
		{9D01A0E6-9E69-40A5-B2E7-970A516AD582}.Debug|Any CPU.Build.0 = Debug|Any CPU
		{9D01A0E6-9E69-40A5-B2E7-970A516AD582}.Release|Any CPU.ActiveCfg = Release|Any CPU
		{9D01A0E6-9E69-40A5-B2E7-970A516AD582}.Release|Any CPU.Build.0 = Release|Any CPU
	EndGlobalSection
	GlobalSection(SolutionProperties) = preSolution
		HideSolutionNode = FALSE
	EndGlobalSection
	GlobalSection(ExtensibilityGlobals) = postSolution
		SolutionGuid = {5FD27F73-92EF-4A56-8276-CD9407356E54}
	EndGlobalSection
EndGlobal
